
Microsoft Visual Studio Solution File, Format Version 12.00
# Visual Studio Version 16
VisualStudioVersion = 16.0.31229.75
MinimumVisualStudioVersion = 10.0.40219.1
Project("{FAE04EC0-301F-11D3-BF4B-00C04F79EFBC}") = "FluentValidationDemo", "FluentValidationDemo\FluentValidationDemo.csproj", "{193900EB-7541-464A-B2D8-B9B4F588A3AA}"
EndProject
Project("{9A19103F-16F7-4668-BE54-9A1E7A4F7556}") = "FluentValidationDemo.Entities", "FluentValidationDemo.Entities\FluentValidationDemo.Entities.csproj", "{00699163-BF72-4064-ACA9-DA1A7501F31C}"
EndProject
Global
	GlobalSection(SolutionConfigurationPlatforms) = preSolution
		Debug|Any CPU = Debug|Any CPU
		Release|Any CPU = Release|Any CPU
	EndGlobalSection
	GlobalSection(ProjectConfigurationPlatforms) = postSolution
		{193900EB-7541-464A-B2D8-B9B4F588A3AA}.Debug|Any CPU.ActiveCfg = Debug|Any CPU
		{193900EB-7541-464A-B2D8-B9B4F588A3AA}.Debug|Any CPU.Build.0 = Debug|Any CPU
		{193900EB-7541-464A-B2D8-B9B4F588A3AA}.Release|Any CPU.ActiveCfg = Release|Any CPU
		{193900EB-7541-464A-B2D8-B9B4F588A3AA}.Release|Any CPU.Build.0 = Release|Any CPU
		{00699163-BF72-4064-ACA9-DA1A7501F31C}.Debug|Any CPU.ActiveCfg = Debug|Any CPU
		{00699163-BF72-4064-ACA9-DA1A7501F31C}.Debug|Any CPU.Build.0 = Debug|Any CPU
		{00699163-BF72-4064-ACA9-DA1A7501F31C}.Release|Any CPU.ActiveCfg = Release|Any CPU
		{00699163-BF72-4064-ACA9-DA1A7501F31C}.Release|Any CPU.Build.0 = Release|Any CPU
	EndGlobalSection
	GlobalSection(SolutionProperties) = preSolution
		HideSolutionNode = FALSE
	EndGlobalSection
	GlobalSection(ExtensibilityGlobals) = postSolution
		SolutionGuid = {32F9F309-B15A-4D0C-8101-7B400399C021}
	EndGlobalSection
EndGlobal
